
Microsoft Visual Studio Solution File, Format Version 12.00
# Visual Studio 14
VisualStudioVersion = 14.0.23107.0
MinimumVisualStudioVersion = 10.0.40219.1
Project("{FAE04EC0-301F-11D3-BF4B-00C04F79EFBC}") = "DvrpTaskSolver", "DvrpTaskSolver\DvrpTaskSolver.csproj", "{BC68D78E-9264-4892-9E73-178DEB0A1A91}"
EndProject
Project("{FAE04EC0-301F-11D3-BF4B-00C04F79EFBC}") = "DvrpTaskSolver.Tests", "DvrpTaskSolver.Tests\DvrpTaskSolver.Tests.csproj", "{0B2DC6B8-3CFF-49CD-9271-209B25E24C8A}"
EndProject
Project("{2150E333-8FDC-42A3-9474-1A3956D46DE8}") = ".paket", ".paket", "{2FA07BE2-6336-4542-98FE-F5ADCC8D818D}"
	ProjectSection(SolutionItems) = preProject
		paket.dependencies = paket.dependencies
	EndProjectSection
EndProject
Project("{FAE04EC0-301F-11D3-BF4B-00C04F79EFBC}") = "DvrpTaskSolverCommon", "DvrpTaskSolverCommon\DvrpTaskSolverCommon.csproj", "{9150A5A7-8E3D-4C0A-8C4D-7A1794053C4A}"
EndProject
Global
	GlobalSection(SolutionConfigurationPlatforms) = preSolution
		Debug|Any CPU = Debug|Any CPU
		Release|Any CPU = Release|Any CPU
	EndGlobalSection
	GlobalSection(ProjectConfigurationPlatforms) = postSolution
		{BC68D78E-9264-4892-9E73-178DEB0A1A91}.Debug|Any CPU.ActiveCfg = Debug|Any CPU
		{BC68D78E-9264-4892-9E73-178DEB0A1A91}.Debug|Any CPU.Build.0 = Debug|Any CPU
		{BC68D78E-9264-4892-9E73-178DEB0A1A91}.Release|Any CPU.ActiveCfg = Release|Any CPU
		{BC68D78E-9264-4892-9E73-178DEB0A1A91}.Release|Any CPU.Build.0 = Release|Any CPU
		{0B2DC6B8-3CFF-49CD-9271-209B25E24C8A}.Debug|Any CPU.ActiveCfg = Debug|Any CPU
		{0B2DC6B8-3CFF-49CD-9271-209B25E24C8A}.Debug|Any CPU.Build.0 = Debug|Any CPU
		{0B2DC6B8-3CFF-49CD-9271-209B25E24C8A}.Release|Any CPU.ActiveCfg = Release|Any CPU
		{0B2DC6B8-3CFF-49CD-9271-209B25E24C8A}.Release|Any CPU.Build.0 = Release|Any CPU
		{9150A5A7-8E3D-4C0A-8C4D-7A1794053C4A}.Debug|Any CPU.ActiveCfg = Debug|Any CPU
		{9150A5A7-8E3D-4C0A-8C4D-7A1794053C4A}.Debug|Any CPU.Build.0 = Debug|Any CPU
		{9150A5A7-8E3D-4C0A-8C4D-7A1794053C4A}.Release|Any CPU.ActiveCfg = Release|Any CPU
		{9150A5A7-8E3D-4C0A-8C4D-7A1794053C4A}.Release|Any CPU.Build.0 = Release|Any CPU
	EndGlobalSection
	GlobalSection(SolutionProperties) = preSolution
		HideSolutionNode = FALSE
	EndGlobalSection
EndGlobal
